// !$*UTF8*$!
{
	archiveVersion = 1;
	classes = {
	};
	objectVersion = 46;
	objects = {

/* Begin PBXBuildFile section */
		6E08512E1B6879CB000B0900 /* AppDelegate.swift in Sources */ = {isa = PBXBuildFile; fileRef = 6E08512D1B6879CB000B0900 /* AppDelegate.swift */; };
		6E0851331B6879CB000B0900 /* Main.storyboard in Resources */ = {isa = PBXBuildFile; fileRef = 6E0851311B6879CB000B0900 /* Main.storyboard */; };
		6E0851351B6879CB000B0900 /* Images.xcassets in Resources */ = {isa = PBXBuildFile; fileRef = 6E0851341B6879CB000B0900 /* Images.xcassets */; };
		6E0851381B6879CB000B0900 /* LaunchScreen.xib in Resources */ = {isa = PBXBuildFile; fileRef = 6E0851361B6879CB000B0900 /* LaunchScreen.xib */; };
		6E0851441B6879CB000B0900 /* happyReDebugTests.swift in Sources */ = {isa = PBXBuildFile; fileRef = 6E0851431B6879CB000B0900 /* happyReDebugTests.swift */; };
		6E08514E1B687AD6000B0900 /* HappinessDebugViewController.swift in Sources */ = {isa = PBXBuildFile; fileRef = 6E08514D1B687AD6000B0900 /* HappinessDebugViewController.swift */; };
		6E0851501B687CD6000B0900 /* FaceShowPannel.swift in Sources */ = {isa = PBXBuildFile; fileRef = 6E08514F1B687CD6000B0900 /* FaceShowPannel.swift */; };
/* End PBXBuildFile section */

/* Begin PBXContainerItemProxy section */
		6E08513E1B6879CB000B0900 /* PBXContainerItemProxy */ = {
			isa = PBXContainerItemProxy;
			containerPortal = 6E0851201B6879CB000B0900 /* Project object */;
			proxyType = 1;
			remoteGlobalIDString = 6E0851271B6879CB000B0900;
			remoteInfo = happyReDebug;
		};
/* End PBXContainerItemProxy section */

/* Begin PBXFileReference section */
		6E0851281B6879CB000B0900 /* happyReDebug.app */ = {isa = PBXFileReference; explicitFileType = wrapper.application; includeInIndex = 0; path = happyReDebug.app; sourceTree = BUILT_PRODUCTS_DIR; };
		6E08512C1B6879CB000B0900 /* Info.plist */ = {isa = PBXFileReference; lastKnownFileType = text.plist.xml; path = Info.plist; sourceTree = "<group>"; };
		6E08512D1B6879CB000B0900 /* AppDelegate.swift */ = {isa = PBXFileReference; lastKnownFileType = sourcecode.swift; path = AppDelegate.swift; sourceTree = "<group>"; };
		6E0851321B6879CB000B0900 /* Base */ = {isa = PBXFileReference; lastKnownFileType = file.storyboard; name = Base; path = Base.lproj/Main.storyboard; sourceTree = "<group>"; };
		6E0851341B6879CB000B0900 /* Images.xcassets */ = {isa = PBXFileReference; lastKnownFileType = folder.assetcatalog; path = Images.xcassets; sourceTree = "<group>"; };
		6E0851371B6879CB000B0900 /* Base */ = {isa = PBXFileReference; lastKnownFileType = file.xib; name = Base; path = Base.lproj/LaunchScreen.xib; sourceTree = "<group>"; };
		6E08513D1B6879CB000B0900 /* happyReDebugTests.xctest */ = {isa = PBXFileReference; explicitFileType = wrapper.cfbundle; includeInIndex = 0; path = happyReDebugTests.xctest; sourceTree = BUILT_PRODUCTS_DIR; };
		6E0851421B6879CB000B0900 /* Info.plist */ = {isa = PBXFileReference; lastKnownFileType = text.plist.xml; path = Info.plist; sourceTree = "<group>"; };
		6E0851431B6879CB000B0900 /* happyReDebugTests.swift */ = {isa = PBXFileReference; lastKnownFileType = sourcecode.swift; path = happyReDebugTests.swift; sourceTree = "<group>"; };
		6E08514D1B687AD6000B0900 /* HappinessDebugViewController.swift */ = {isa = PBXFileReference; fileEncoding = 4; lastKnownFileType = sourcecode.swift; path = HappinessDebugViewController.swift; sourceTree = "<group>"; };
		6E08514F1B687CD6000B0900 /* FaceShowPannel.swift */ = {isa = PBXFileReference; fileEncoding = 4; lastKnownFileType = sourcecode.swift; path = FaceShowPannel.swift; sourceTree = "<group>"; };
/* End PBXFileReference section */

/* Begin PBXFrameworksBuildPhase section */
		6E0851251B6879CB000B0900 /* Frameworks */ = {
			isa = PBXFrameworksBuildPhase;
			buildActionMask = 2147483647;
			files = (
			);
			runOnlyForDeploymentPostprocessing = 0;
		};
		6E08513A1B6879CB000B0900 /* Frameworks */ = {
			isa = PBXFrameworksBuildPhase;
			buildActionMask = 2147483647;
			files = (
			);
			runOnlyForDeploymentPostprocessing = 0;
		};
/* End PBXFrameworksBuildPhase section */

/* Begin PBXGroup section */
		6E08511F1B6879CB000B0900 = {
			isa = PBXGroup;
			children = (
				6E08512A1B6879CB000B0900 /* happyReDebug */,
				6E0851401B6879CB000B0900 /* happyReDebugTests */,
				6E0851291B6879CB000B0900 /* Products */,
			);
			sourceTree = "<group>";
		};
		6E0851291B6879CB000B0900 /* Products */ = {
			isa = PBXGroup;
			children = (
				6E0851281B6879CB000B0900 /* happyReDebug.app */,
				6E08513D1B6879CB000B0900 /* happyReDebugTests.xctest */,
			);
			name = Products;
			sourceTree = "<group>";
		};
		6E08512A1B6879CB000B0900 /* happyReDebug */ = {
			isa = PBXGroup;
			children = (
				6E0851311B6879CB000B0900 /* Main.storyboard */,
				6E08514D1B687AD6000B0900 /* HappinessDebugViewController.swift */,
				6E08514F1B687CD6000B0900 /* FaceShowPannel.swift */,
				6E08512B1B6879CB000B0900 /* Supporting Files */,
			);
			path = happyReDebug;
			sourceTree = "<group>";
		};
		6E08512B1B6879CB000B0900 /* Supporting Files */ = {
			isa = PBXGroup;
			children = (
				6E08512D1B6879CB000B0900 /* AppDelegate.swift */,
				6E0851341B6879CB000B0900 /* Images.xcassets */,
				6E0851361B6879CB000B0900 /* LaunchScreen.xib */,
				6E08512C1B6879CB000B0900 /* Info.plist */,
			);
			name = "Supporting Files";
			sourceTree = "<group>";
		};
		6E0851401B6879CB000B0900 /* happyReDebugTests */ = {
			isa = PBXGroup;
			children = (
				6E0851431B6879CB000B0900 /* happyReDebugTests.swift */,
				6E0851411B6879CB000B0900 /* Supporting Files */,
			);
			path = happyReDebugTests;
			sourceTree = "<group>";
		};
		6E0851411B6879CB000B0900 /* Supporting Files */ = {
			isa = PBXGroup;
			children = (
				6E0851421B6879CB000B0900 /* Info.plist */,
			);
			name = "Supporting Files";
			sourceTree = "<group>";
		};
/* End PBXGroup section */

/* Begin PBXNativeTarget section */
		6E0851271B6879CB000B0900 /* happyReDebug */ = {
			isa = PBXNativeTarget;
			buildConfigurationList = 6E0851471B6879CB000B0900 /* Build configuration list for PBXNativeTarget "happyReDebug" */;
			buildPhases = (
				6E0851241B6879CB000B0900 /* Sources */,
				6E0851251B6879CB000B0900 /* Frameworks */,
				6E0851261B6879CB000B0900 /* Resources */,
			);
			buildRules = (
			);
			dependencies = (
			);
			name = happyReDebug;
			productName = happyReDebug;
			productReference = 6E0851281B6879CB000B0900 /* happyReDebug.app */;
			productType = "com.apple.product-type.application";
		};
		6E08513C1B6879CB000B0900 /* happyReDebugTests */ = {
			isa = PBXNativeTarget;
			buildConfigurationList = 6E08514A1B6879CB000B0900 /* Build configuration list for PBXNativeTarget "happyReDebugTests" */;
			buildPhases = (
				6E0851391B6879CB000B0900 /* Sources */,
				6E08513A1B6879CB000B0900 /* Frameworks */,
				6E08513B1B6879CB000B0900 /* Resources */,
			);
			buildRules = (
			);
			dependencies = (
				6E08513F1B6879CB000B0900 /* PBXTargetDependency */,
			);
			name = happyReDebugTests;
			productName = happyReDebugTests;
			productReference = 6E08513D1B6879CB000B0900 /* happyReDebugTests.xctest */;
			productType = "com.apple.product-type.bundle.unit-test";
		};
/* End PBXNativeTarget section */

/* Begin PBXProject section */
		6E0851201B6879CB000B0900 /* Project object */ = {
			isa = PBXProject;
			attributes = {
				LastUpgradeCheck = 0630;
				ORGANIZATIONNAME = "李弋";
				TargetAttributes = {
					6E0851271B6879CB000B0900 = {
						CreatedOnToolsVersion = 6.3;
					};
					6E08513C1B6879CB000B0900 = {
						CreatedOnToolsVersion = 6.3;
						TestTargetID = 6E0851271B6879CB000B0900;
					};
				};
			};
			buildConfigurationList = 6E0851231B6879CB000B0900 /* Build configuration list for PBXProject "happyReDebug" */;
			compatibilityVersion = "Xcode 3.2";
			developmentRegion = English;
			hasScannedForEncodings = 0;
			knownRegions = (
				en,
				Base,
			);
			mainGroup = 6E08511F1B6879CB000B0900;
			productRefGroup = 6E0851291B6879CB000B0900 /* Products */;
			projectDirPath = "";
			projectRoot = "";
			targets = (
				6E0851271B6879CB000B0900 /* happyReDebug */,
				6E08513C1B6879CB000B0900 /* happyReDebugTests */,
			);
		};
/* End PBXProject section */

/* Begin PBXResourcesBuildPhase section */
		6E0851261B6879CB000B0900 /* Resources */ = {
			isa = PBXResourcesBuildPhase;
			buildActionMask = 2147483647;
			files = (
				6E0851331B6879CB000B0900 /* Main.storyboard in Resources */,
				6E0851381B6879CB000B0900 /* LaunchScreen.xib in Resources */,
				6E0851351B6879CB000B0900 /* Images.xcassets in Resources */,
			);
			runOnlyForDeploymentPostprocessing = 0;
		};
		6E08513B1B6879CB000B0900 /* Resources */ = {
			isa = PBXResourcesBuildPhase;
			buildActionMask = 2147483647;
			files = (
			);
			runOnlyForDeploymentPostprocessing = 0;
		};
/* End PBXResourcesBuildPhase section */

/* Begin PBXSourcesBuildPhase section */
		6E0851241B6879CB000B0900 /* Sources */ = {
			isa = PBXSourcesBuildPhase;
			buildActionMask = 2147483647;
			files = (
				6E08514E1B687AD6000B0900 /* HappinessDebugViewController.swift in Sources */,
				6E0851501B687CD6000B0900 /* FaceShowPannel.swift in Sources */,
				6E08512E1B6879CB000B0900 /* AppDelegate.swift in Sources */,
			);
			runOnlyForDeploymentPostprocessing = 0;
		};
		6E0851391B6879CB000B0900 /* Sources */ = {
			isa = PBXSourcesBuildPhase;
			buildActionMask = 2147483647;
			files = (
				6E0851441B6879CB000B0900 /* happyReDebugTests.swift in Sources */,
			);
			runOnlyForDeploymentPostprocessing = 0;
		};
/* End PBXSourcesBuildPhase section */

/* Begin PBXTargetDependency section */
		6E08513F1B6879CB000B0900 /* PBXTargetDependency */ = {
			isa = PBXTargetDependency;
			target = 6E0851271B6879CB000B0900 /* happyReDebug */;
			targetProxy = 6E08513E1B6879CB000B0900 /* PBXContainerItemProxy */;
		};
/* End PBXTargetDependency section */

/* Begin PBXVariantGroup section */
		6E0851311B6879CB000B0900 /* Main.storyboard */ = {
			isa = PBXVariantGroup;
			children = (
				6E0851321B6879CB000B0900 /* Base */,
			);
			name = Main.storyboard;
			sourceTree = "<group>";
		};
		6E0851361B6879CB000B0900 /* LaunchScreen.xib */ = {
			isa = PBXVariantGroup;
			children = (
				6E0851371B6879CB000B0900 /* Base */,
			);
			name = LaunchScreen.xib;
			sourceTree = "<group>";
		};
/* End PBXVariantGroup section */

/* Begin XCBuildConfiguration section */
		6E0851451B6879CB000B0900 /* Debug */ = {
			isa = XCBuildConfiguration;
			buildSettings = {
				ALWAYS_SEARCH_USER_PATHS = NO;
				CLANG_CXX_LANGUAGE_STANDARD = "gnu++0x";
				CLANG_CXX_LIBRARY = "libc++";
				CLANG_ENABLE_MODULES = YES;
				CLANG_ENABLE_OBJC_ARC = YES;
				CLANG_WARN_BOOL_CONVERSION = YES;
				CLANG_WARN_CONSTANT_CONVERSION = YES;
				CLANG_WARN_DIRECT_OBJC_ISA_USAGE = YES_ERROR;
				CLANG_WARN_EMPTY_BODY = YES;
				CLANG_WARN_ENUM_CONVERSION = YES;
				CLANG_WARN_INT_CONVERSION = YES;
				CLANG_WARN_OBJC_ROOT_CLASS = YES_ERROR;
				CLANG_WARN_UNREACHABLE_CODE = YES;
				CLANG_WARN__DUPLICATE_METHOD_MATCH = YES;
				"CODE_SIGN_IDENTITY[sdk=iphoneos*]" = "iPhone Developer";
				COPY_PHASE_STRIP = NO;
				DEBUG_INFORMATION_FORMAT = "dwarf-with-dsym";
				ENABLE_STRICT_OBJC_MSGSEND = YES;
				GCC_C_LANGUAGE_STANDARD = gnu99;
				GCC_DYNAMIC_NO_PIC = NO;
				GCC_NO_COMMON_BLOCKS = YES;
				GCC_OPTIMIZATION_LEVEL = 0;
				GCC_PREPROCESSOR_DEFINITIONS = (
					"DEBUG=1",
					"$(inherited)",
				);
				GCC_SYMBOLS_PRIVATE_EXTERN = NO;
				GCC_WARN_64_TO_32_BIT_CONVERSION = YES;
				GCC_WARN_ABOUT_RETURN_TYPE = YES_ERROR;
				GCC_WARN_UNDECLARED_SELECTOR = YES;
				GCC_WARN_UNINITIALIZED_AUTOS = YES_AGGRESSIVE;
				GCC_WARN_UNUSED_FUNCTION = YES;
				GCC_WARN_UNUSED_VARIABLE = YES;
				IPHONEOS_DEPLOYMENT_TARGET = 8.3;
				MTL_ENABLE_DEBUG_INFO = YES;
				ONLY_ACTIVE_ARCH = YES;
				SDKROOT = iphoneos;
				SWIFT_OPTIMIZATION_LEVEL = "-Onone";
			};
			name = Debug;
		};
		6E0851461B6879CB000B0900 /* Release */ = {
			isa = XCBuildConfiguration;
			buildSettings = {
				ALWAYS_SEARCH_USER_PATHS = NO;
				CLANG_CXX_LANGUAGE_STANDARD = "gnu++0x";
				CLANG_CXX_LIBRARY = "libc++";
				CLANG_ENABLE_MODULES = YES;
				CLANG_ENABLE_OBJC_ARC = YES;
				CLANG_WARN_BOOL_CONVERSION = YES;
				CLANG_WARN_CONSTANT_CONVERSION = YES;
				CLANG_WARN_DIRECT_OBJC_ISA_USAGE = YES_ERROR;
				CLANG_WARN_EMPTY_BODY = YES;
				CLANG_WARN_ENUM_CONVERSION = YES;
				CLANG_WARN_INT_CONVERSION = YES;
				CLANG_WARN_OBJC_ROOT_CLASS = YES_ERROR;
				CLANG_WARN_UNREACHABLE_CODE = YES;
				CLANG_WARN__DUPLICATE_METHOD_MATCH = YES;
				"CODE_SIGN_IDENTITY[sdk=iphoneos*]" = "iPhone Developer";
				COPY_PHASE_STRIP = NO;
				DEBUG_INFORMATION_FORMAT = "dwarf-with-dsym";
				ENABLE_NS_ASSERTIONS = NO;
				ENABLE_STRICT_OBJC_MSGSEND = YES;
				GCC_C_LANGUAGE_STANDARD = gnu99;
				GCC_NO_COMMON_BLOCKS = YES;
				GCC_WARN_64_TO_32_BIT_CONVERSION = YES;
				GCC_WARN_ABOUT_RETURN_TYPE = YES_ERROR;
				GCC_WARN_UNDECLARED_SELECTOR = YES;
				GCC_WARN_UNINITIALIZED_AUTOS = YES_AGGRESSIVE;
				GCC_WARN_UNUSED_FUNCTION = YES;
				GCC_WARN_UNUSED_VARIABLE = YES;
				IPHONEOS_DEPLOYMENT_TARGET = 8.3;
				MTL_ENABLE_DEBUG_INFO = NO;
				SDKROOT = iphoneos;
				VALIDATE_PRODUCT = YES;
			};
			name = Release;
		};
		6E0851481B6879CB000B0900 /* Debug */ = {
			isa = XCBuildConfiguration;
			buildSettings = {
				ASSETCATALOG_COMPILER_APPICON_NAME = AppIcon;
				INFOPLIST_FILE = happyReDebug/Info.plist;
				LD_RUNPATH_SEARCH_PATHS = "$(inherited) @executable_path/Frameworks";
				PRODUCT_NAME = "$(TARGET_NAME)";
			};
			name = Debug;
		};
		6E0851491B6879CB000B0900 /* Release */ = {
			isa = XCBuildConfiguration;
			buildSettings = {
				ASSETCATALOG_COMPILER_APPICON_NAME = AppIcon;
				INFOPLIST_FILE = happyReDebug/Info.plist;
				LD_RUNPATH_SEARCH_PATHS = "$(inherited) @executable_path/Frameworks";
				PRODUCT_NAME = "$(TARGET_NAME)";
			};
			name = Release;
		};
		6E08514B1B6879CB000B0900 /* Debug */ = {
			isa = XCBuildConfiguration;
			buildSettings = {
				BUNDLE_LOADER = "$(TEST_HOST)";
				FRAMEWORK_SEARCH_PATHS = (
					"$(SDKROOT)/Developer/Library/Frameworks",
					"$(inherited)",
				);
				GCC_PREPROCESSOR_DEFINITIONS = (
					"DEBUG=1",
					"$(inherited)",
				);
				INFOPLIST_FILE = happyReDebugTests/Info.plist;
				LD_RUNPATH_SEARCH_PATHS = "$(inherited) @executable_path/Frameworks @loader_path/Frameworks";
				PRODUCT_NAME = "$(TARGET_NAME)";
				TEST_HOST = "$(BUILT_PRODUCTS_DIR)/happyReDebug.app/happyReDebug";
			};
			name = Debug;
		};
		6E08514C1B6879CB000B0900 /* Release */ = {
			isa = XCBuildConfiguration;
			buildSettings = {
				BUNDLE_LOADER = "$(TEST_HOST)";
				FRAMEWORK_SEARCH_PATHS = (
					"$(SDKROOT)/Developer/Library/Frameworks",
					"$(inherited)",
				);
				INFOPLIST_FILE = happyReDebugTests/Info.plist;
				LD_RUNPATH_SEARCH_PATHS = "$(inherited) @executable_path/Frameworks @loader_path/Frameworks";
				PRODUCT_NAME = "$(TARGET_NAME)";
				TEST_HOST = "$(BUILT_PRODUCTS_DIR)/happyReDebug.app/happyReDebug";
			};
			name = Release;
		};
/* End XCBuildConfiguration section */

/* Begin XCConfigurationList section */
		6E0851231B6879CB000B0900 /* Build configuration list for PBXProject "happyReDebug" */ = {
			isa = XCConfigurationList;
			buildConfigurations = (
				6E0851451B6879CB000B0900 /* Debug */,
				6E0851461B6879CB000B0900 /* Release */,
			);
			defaultConfigurationIsVisible = 0;
			defaultConfigurationName = Release;
		};
		6E0851471B6879CB000B0900 /* Build configuration list for PBXNativeTarget "happyReDebug" */ = {
			isa = XCConfigurationList;
			buildConfigurations = (
				6E0851481B6879CB000B0900 /* Debug */,
				6E0851491B6879CB000B0900 /* Release */,
			);
			defaultConfigurationIsVisible = 0;
		};
		6E08514A1B6879CB000B0900 /* Build configuration list for PBXNativeTarget "happyReDebugTests" */ = {
			isa = XCConfigurationList;
			buildConfigurations = (
				6E08514B1B6879CB000B0900 /* Debug */,
				6E08514C1B6879CB000B0900 /* Release */,
			);
			defaultConfigurationIsVisible = 0;
		};
/* End XCConfigurationList section */
	};
	rootObject = 6E0851201B6879CB000B0900 /* Project object */;
}
